{
    "_meta": {
        "hash": {
            "sha256": "68247c3053e9f4634a7c6521013eef9c915bf0d41e5aac03a8a54a6ecd96edcd"
        },
        "requires": {},
        "sources": [
            {
                "url": "https://pypi.python.org/simple",
                "verify_ssl": true
            }
        ]
    },
    "default": {
        "SQLAlchemy": {
            "version": "==1.1.9"
        },
        "amqp": {
            "version": "==2.1.4"
        },
        "click": {
            "version": "==6.7"
        },
        "frozendict": {
            "version": "==1.2"
        },
        "jsonpatch": {
            "version": "==1.15"
        },
        "jsonpointer": {
            "version": "==1.10"
        },
        "kombu": {
            "version": "==4.0.2"
        },
        "psycopg2": {
            "version": "==2.7.1"
        },
        "vine": {
            "version": "==1.1.3"
        }
    },
    "develop": {
        "appdirs": {
            "version": "==1.4.3"
        },
        "mypy": {
            "version": "==0.511"
        },
        "mypy_extensions": {
            "version": "==0.2.0"
        },
        "packaging": {
            "version": "==16.8"
        },
        "py": {
            "version": "==1.4.33"
        },
        "pyparsing": {
            "version": "==2.2.0"
        },
        "pytest": {
            "version": "==3.0.7"
        },
        "setuptools": {
            "version": "==35.0.2"
        },
        "six": {
            "version": "==1.10.0"
        },
        "typed-ast": {
            "version": "==1.0.3"
        }
    }
}
